<?xml version="1.0" encoding="utf-8"?>
<Project ToolsVersion="4.0" xmlns="http://schemas.microsoft.com/developer/msbuild/2003">
  <ItemGroup>
    <Filter Include="Header Files">
      <UniqueIdentifier>{93995380-89BD-4b04-88EB-625FBE52EBFB}</UniqueIdentifier>
      <Extensions>h;hh;hpp;hxx;hm;inl;inc;xsd</Extensions>
    </Filter>
    <Filter Include="Source Files">
      <UniqueIdentifier>{4FC737F1-C7A5-4376-A066-2A32D752A2FF}</UniqueIdentifier>
      <Extensions>cpp;c;cc;cxx;def;odl;idl;hpj;bat;asm;asmx</Extensions>
    </Filter>
  </ItemGroup>
  <ItemGroup>
    <ClInclude Include="..\..\libxlsxwriter\third_party\minizip\crypt.h">
      <Filter>Header Files</Filter>
    </ClInclude>
    <ClInclude Include="..\..\libxlsxwriter\third_party\minizip\ioapi.h">
      <Filter>Header Files</Filter>
    </ClInclude>
    <ClInclude Include="..\..\libxlsxwriter\third_party\minizip\iowin32.h">
      <Filter>Header Files</Filter>
    </ClInclude>
    <ClInclude Include="..\..\libxlsxwriter\third_party\minizip\mztools.h">
      <Filter>Header Files</Filter>
    </ClInclude>
    <ClInclude Include="..\..\libxlsxwriter\third_party\minizip\unzip.h">
      <Filter>Header Files</Filter>
    </ClInclude>
    <ClInclude Include="..\..\libxlsxwriter\third_party\minizip\zip.h">
      <Filter>Header Files</Filter>
    </ClInclude>
    <ClInclude Include="resource.h">
      <Filter>Header Files</Filter>
    </ClInclude>
    <ClInclude Include="..\..\libxlsxwriter\third_party\tmpfileplus\tmpfileplus.h">
      <Filter>Header Files</Filter>
    </ClInclude>
  </ItemGroup>
  <ItemGroup>
    <ClCompile Include="dllmain.cpp">
      <Filter>Source Files</Filter>
    </ClCompile>
    <ClCompile Include="Source.cpp">
      <Filter>Source Files</Filter>
    </ClCompile>
    <ClCompile Include="..\..\libxlsxwriter\src\app.c">
      <Filter>Source Files</Filter>
    </ClCompile>
    <ClCompile Include="..\..\libxlsxwriter\src\chart.c">
      <Filter>Source Files</Filter>
    </ClCompile>
    <ClCompile Include="..\..\libxlsxwriter\src\content_types.c">
      <Filter>Source Files</Filter>
    </ClCompile>
    <ClCompile Include="..\..\libxlsxwriter\src\core.c">
      <Filter>Source Files</Filter>
    </ClCompile>
    <ClCompile Include="..\..\libxlsxwriter\src\custom.c">
      <Filter>Source Files</Filter>
    </ClCompile>
    <ClCompile Include="..\..\libxlsxwriter\src\drawing.c">
      <Filter>Source Files</Filter>
    </ClCompile>
    <ClCompile Include="..\..\libxlsxwriter\src\format.c">
      <Filter>Source Files</Filter>
    </ClCompile>
    <ClCompile Include="..\..\libxlsxwriter\src\hash_table.c">
      <Filter>Source Files</Filter>
    </ClCompile>
    <ClCompile Include="..\..\libxlsxwriter\src\packager.c">
      <Filter>Source Files</Filter>
    </ClCompile>
    <ClCompile Include="..\..\libxlsxwriter\src\relationships.c">
      <Filter>Source Files</Filter>
    </ClCompile>
    <ClCompile Include="..\..\libxlsxwriter\src\shared_strings.c">
      <Filter>Source Files</Filter>
    </ClCompile>
    <ClCompile Include="..\..\libxlsxwriter\src\styles.c">
      <Filter>Source Files</Filter>
    </ClCompile>
    <ClCompile Include="..\..\libxlsxwriter\src\theme.c">
      <Filter>Source Files</Filter>
    </ClCompile>
    <ClCompile Include="..\..\libxlsxwriter\src\utility.c">
      <Filter>Source Files</Filter>
    </ClCompile>
    <ClCompile Include="..\..\libxlsxwriter\src\workbook.c">
      <Filter>Source Files</Filter>
    </ClCompile>
    <ClCompile Include="..\..\libxlsxwriter\src\worksheet.c">
      <Filter>Source Files</Filter>
    </ClCompile>
    <ClCompile Include="..\..\libxlsxwriter\src\xmlwriter.c">
      <Filter>Source Files</Filter>
    </ClCompile>
    <ClCompile Include="..\..\libxlsxwriter\third_party\minizip\ioapi.c">
      <Filter>Source Files</Filter>
    </ClCompile>
    <ClCompile Include="..\..\libxlsxwriter\third_party\minizip\iowin32.c">
      <Filter>Source Files</Filter>
    </ClCompile>
    <ClCompile Include="..\..\libxlsxwriter\third_party\minizip\unzip.c">
      <Filter>Source Files</Filter>
    </ClCompile>
    <ClCompile Include="..\..\libxlsxwriter\third_party\minizip\zip.c">
      <Filter>Source Files</Filter>
    </ClCompile>
    <ClCompile Include="..\..\libxlsxwriter\third_party\tmpfileplus\tmpfileplus.c">
      <Filter>Source Files</Filter>
    </ClCompile>
  </ItemGroup>
  <ItemGroup>
    <None Include="XlsxWriter.def">
      <Filter>Source Files</Filter>
    </None>
  </ItemGroup>
  <ItemGroup>
    <ResourceCompile Include="LibXlsxWriter.rc" />
  </ItemGroup>
</Project>